
Microsoft Visual Studio Solution File, Format Version 12.00
# Visual Studio 14
VisualStudioVersion = 14.0.25420.1
MinimumVisualStudioVersion = 10.0.40219.1
Project("{78C9907C-C22D-4F8D-B13A-49F213FF1631}") = "RustRoundRobin", "RustRoundRobin.rsproj", "{A4BC1FC5-4B97-467D-8A5E-CFBF7409DB18}"
EndProject
Global
	GlobalSection(SolutionConfigurationPlatforms) = preSolution
		Debug|default = Debug|default
		Release|default = Release|default
	EndGlobalSection
	GlobalSection(ProjectConfigurationPlatforms) = postSolution
		{A4BC1FC5-4B97-467D-8A5E-CFBF7409DB18}.Debug|default.ActiveCfg = Debug|default
		{A4BC1FC5-4B97-467D-8A5E-CFBF7409DB18}.Debug|default.Build.0 = Debug|default
		{A4BC1FC5-4B97-467D-8A5E-CFBF7409DB18}.Release|default.ActiveCfg = Release|default
		{A4BC1FC5-4B97-467D-8A5E-CFBF7409DB18}.Release|default.Build.0 = Release|default
	EndGlobalSection
	GlobalSection(SolutionProperties) = preSolution
		HideSolutionNode = FALSE
	EndGlobalSection
EndGlobal
